
Microsoft Visual Studio Solution File, Format Version 12.00
# Visual Studio Version 16
VisualStudioVersion = 16.0.30204.135
MinimumVisualStudioVersion = 10.0.40219.1
Project("{8BC9CEB8-8B4A-11D0-8D11-00A0C91BC942}") = "Circular Array Rotation", "Circular Array Rotation\Circular Array Rotation.vcxproj", "{F8A4A3A6-B476-4ECD-833C-92630A562CB7}"
EndProject
Global
	GlobalSection(SolutionConfigurationPlatforms) = preSolution
		Debug|x64 = Debug|x64
		Debug|x86 = Debug|x86
		Release|x64 = Release|x64
		Release|x86 = Release|x86
	EndGlobalSection
	GlobalSection(ProjectConfigurationPlatforms) = postSolution
		{F8A4A3A6-B476-4ECD-833C-92630A562CB7}.Debug|x64.ActiveCfg = Debug|x64
		{F8A4A3A6-B476-4ECD-833C-92630A562CB7}.Debug|x64.Build.0 = Debug|x64
		{F8A4A3A6-B476-4ECD-833C-92630A562CB7}.Debug|x86.ActiveCfg = Debug|Win32
		{F8A4A3A6-B476-4ECD-833C-92630A562CB7}.Debug|x86.Build.0 = Debug|Win32
		{F8A4A3A6-B476-4ECD-833C-92630A562CB7}.Release|x64.ActiveCfg = Release|x64
		{F8A4A3A6-B476-4ECD-833C-92630A562CB7}.Release|x64.Build.0 = Release|x64
		{F8A4A3A6-B476-4ECD-833C-92630A562CB7}.Release|x86.ActiveCfg = Release|Win32
		{F8A4A3A6-B476-4ECD-833C-92630A562CB7}.Release|x86.Build.0 = Release|Win32
	EndGlobalSection
	GlobalSection(SolutionProperties) = preSolution
		HideSolutionNode = FALSE
	EndGlobalSection
	GlobalSection(ExtensibilityGlobals) = postSolution
		SolutionGuid = {A20BFBAD-7D7B-4A25-9434-833662789597}
	EndGlobalSection
EndGlobal
