
Microsoft Visual Studio Solution File, Format Version 12.00
# Visual Studio Version 16
VisualStudioVersion = 16.0.30204.135
MinimumVisualStudioVersion = 10.0.40219.1
Project("{8BC9CEB8-8B4A-11D0-8D11-00A0C91BC942}") = "Insert a node at a specific position in a linked list", "Insert a node at a specific position in a linked list\Insert a node at a specific position in a linked list.vcxproj", "{9D1B353D-A62B-44D8-A3B8-2B4F9138B1E0}"
EndProject
Global
	GlobalSection(SolutionConfigurationPlatforms) = preSolution
		Debug|x64 = Debug|x64
		Debug|x86 = Debug|x86
		Release|x64 = Release|x64
		Release|x86 = Release|x86
	EndGlobalSection
	GlobalSection(ProjectConfigurationPlatforms) = postSolution
		{9D1B353D-A62B-44D8-A3B8-2B4F9138B1E0}.Debug|x64.ActiveCfg = Debug|x64
		{9D1B353D-A62B-44D8-A3B8-2B4F9138B1E0}.Debug|x64.Build.0 = Debug|x64
		{9D1B353D-A62B-44D8-A3B8-2B4F9138B1E0}.Debug|x86.ActiveCfg = Debug|Win32
		{9D1B353D-A62B-44D8-A3B8-2B4F9138B1E0}.Debug|x86.Build.0 = Debug|Win32
		{9D1B353D-A62B-44D8-A3B8-2B4F9138B1E0}.Release|x64.ActiveCfg = Release|x64
		{9D1B353D-A62B-44D8-A3B8-2B4F9138B1E0}.Release|x64.Build.0 = Release|x64
		{9D1B353D-A62B-44D8-A3B8-2B4F9138B1E0}.Release|x86.ActiveCfg = Release|Win32
		{9D1B353D-A62B-44D8-A3B8-2B4F9138B1E0}.Release|x86.Build.0 = Release|Win32
	EndGlobalSection
	GlobalSection(SolutionProperties) = preSolution
		HideSolutionNode = FALSE
	EndGlobalSection
	GlobalSection(ExtensibilityGlobals) = postSolution
		SolutionGuid = {FC26B036-2220-4A98-A223-368712DB940A}
	EndGlobalSection
EndGlobal
